// !$*UTF8*$!
{
	archiveVersion = 1;
	classes = {
	};
	objectVersion = 46;
	objects = {

/* Begin PBXBuildFile section */
		9997C17B1D68FF06002E6217 /* AppDelegate.swift in Sources */ = {isa = PBXBuildFile; fileRef = 9997C17A1D68FF06002E6217 /* AppDelegate.swift */; };
		9997C17D1D68FF06002E6217 /* ViewController.swift in Sources */ = {isa = PBXBuildFile; fileRef = 9997C17C1D68FF06002E6217 /* ViewController.swift */; };
		9997C1801D68FF06002E6217 /* Main.storyboard in Resources */ = {isa = PBXBuildFile; fileRef = 9997C17E1D68FF06002E6217 /* Main.storyboard */; };
		9997C1821D68FF06002E6217 /* Assets.xcassets in Resources */ = {isa = PBXBuildFile; fileRef = 9997C1811D68FF06002E6217 /* Assets.xcassets */; };
		9997C1851D68FF06002E6217 /* LaunchScreen.storyboard in Resources */ = {isa = PBXBuildFile; fileRef = 9997C1831D68FF06002E6217 /* LaunchScreen.storyboard */; };
		9997C1901D68FF06002E6217 /* MZay_learning_1_0Tests.swift in Sources */ = {isa = PBXBuildFile; fileRef = 9997C18F1D68FF06002E6217 /* MZay_learning_1_0Tests.swift */; };
		9997C19B1D68FF06002E6217 /* MZay_learning_1_0UITests.swift in Sources */ = {isa = PBXBuildFile; fileRef = 9997C19A1D68FF06002E6217 /* MZay_learning_1_0UITests.swift */; };
/* End PBXBuildFile section */

/* Begin PBXContainerItemProxy section */
		9997C18C1D68FF06002E6217 /* PBXContainerItemProxy */ = {
			isa = PBXContainerItemProxy;
			containerPortal = 9997C16F1D68FF06002E6217 /* Project object */;
			proxyType = 1;
			remoteGlobalIDString = 9997C1761D68FF06002E6217;
			remoteInfo = "MZay learning 1.0";
		};
		9997C1971D68FF06002E6217 /* PBXContainerItemProxy */ = {
			isa = PBXContainerItemProxy;
			containerPortal = 9997C16F1D68FF06002E6217 /* Project object */;
			proxyType = 1;
			remoteGlobalIDString = 9997C1761D68FF06002E6217;
			remoteInfo = "MZay learning 1.0";
		};
/* End PBXContainerItemProxy section */

/* Begin PBXFileReference section */
		9997C1771D68FF06002E6217 /* MZay learning 1.0.app */ = {isa = PBXFileReference; explicitFileType = wrapper.application; includeInIndex = 0; path = "MZay learning 1.0.app"; sourceTree = BUILT_PRODUCTS_DIR; };
		9997C17A1D68FF06002E6217 /* AppDelegate.swift */ = {isa = PBXFileReference; lastKnownFileType = sourcecode.swift; path = AppDelegate.swift; sourceTree = "<group>"; };
		9997C17C1D68FF06002E6217 /* ViewController.swift */ = {isa = PBXFileReference; lastKnownFileType = sourcecode.swift; path = ViewController.swift; sourceTree = "<group>"; };
		9997C17F1D68FF06002E6217 /* Base */ = {isa = PBXFileReference; lastKnownFileType = file.storyboard; name = Base; path = Base.lproj/Main.storyboard; sourceTree = "<group>"; };
		9997C1811D68FF06002E6217 /* Assets.xcassets */ = {isa = PBXFileReference; lastKnownFileType = folder.assetcatalog; path = Assets.xcassets; sourceTree = "<group>"; };
		9997C1841D68FF06002E6217 /* Base */ = {isa = PBXFileReference; lastKnownFileType = file.storyboard; name = Base; path = Base.lproj/LaunchScreen.storyboard; sourceTree = "<group>"; };
		9997C1861D68FF06002E6217 /* Info.plist */ = {isa = PBXFileReference; lastKnownFileType = text.plist.xml; path = Info.plist; sourceTree = "<group>"; };
		9997C18B1D68FF06002E6217 /* MZay learning 1.0Tests.xctest */ = {isa = PBXFileReference; explicitFileType = wrapper.cfbundle; includeInIndex = 0; path = "MZay learning 1.0Tests.xctest"; sourceTree = BUILT_PRODUCTS_DIR; };
		9997C18F1D68FF06002E6217 /* MZay_learning_1_0Tests.swift */ = {isa = PBXFileReference; lastKnownFileType = sourcecode.swift; path = MZay_learning_1_0Tests.swift; sourceTree = "<group>"; };
		9997C1911D68FF06002E6217 /* Info.plist */ = {isa = PBXFileReference; lastKnownFileType = text.plist.xml; path = Info.plist; sourceTree = "<group>"; };
		9997C1961D68FF06002E6217 /* MZay learning 1.0UITests.xctest */ = {isa = PBXFileReference; explicitFileType = wrapper.cfbundle; includeInIndex = 0; path = "MZay learning 1.0UITests.xctest"; sourceTree = BUILT_PRODUCTS_DIR; };
		9997C19A1D68FF06002E6217 /* MZay_learning_1_0UITests.swift */ = {isa = PBXFileReference; lastKnownFileType = sourcecode.swift; path = MZay_learning_1_0UITests.swift; sourceTree = "<group>"; };
		9997C19C1D68FF06002E6217 /* Info.plist */ = {isa = PBXFileReference; lastKnownFileType = text.plist.xml; path = Info.plist; sourceTree = "<group>"; };
/* End PBXFileReference section */

/* Begin PBXFrameworksBuildPhase section */
		9997C1741D68FF06002E6217 /* Frameworks */ = {
			isa = PBXFrameworksBuildPhase;
			buildActionMask = 2147483647;
			files = (
			);
			runOnlyForDeploymentPostprocessing = 0;
		};
		9997C1881D68FF06002E6217 /* Frameworks */ = {
			isa = PBXFrameworksBuildPhase;
			buildActionMask = 2147483647;
			files = (
			);
			runOnlyForDeploymentPostprocessing = 0;
		};
		9997C1931D68FF06002E6217 /* Frameworks */ = {
			isa = PBXFrameworksBuildPhase;
			buildActionMask = 2147483647;
			files = (
			);
			runOnlyForDeploymentPostprocessing = 0;
		};
/* End PBXFrameworksBuildPhase section */

/* Begin PBXGroup section */
		9997C16E1D68FF06002E6217 = {
			isa = PBXGroup;
			children = (
				9997C1791D68FF06002E6217 /* MZay learning 1.0 */,
				9997C18E1D68FF06002E6217 /* MZay learning 1.0Tests */,
				9997C1991D68FF06002E6217 /* MZay learning 1.0UITests */,
				9997C1781D68FF06002E6217 /* Products */,
			);
			sourceTree = "<group>";
		};
		9997C1781D68FF06002E6217 /* Products */ = {
			isa = PBXGroup;
			children = (
				9997C1771D68FF06002E6217 /* MZay learning 1.0.app */,
				9997C18B1D68FF06002E6217 /* MZay learning 1.0Tests.xctest */,
				9997C1961D68FF06002E6217 /* MZay learning 1.0UITests.xctest */,
			);
			name = Products;
			sourceTree = "<group>";
		};
		9997C1791D68FF06002E6217 /* MZay learning 1.0 */ = {
			isa = PBXGroup;
			children = (
				9997C17A1D68FF06002E6217 /* AppDelegate.swift */,
				9997C17C1D68FF06002E6217 /* ViewController.swift */,
				9997C17E1D68FF06002E6217 /* Main.storyboard */,
				9997C1811D68FF06002E6217 /* Assets.xcassets */,
				9997C1831D68FF06002E6217 /* LaunchScreen.storyboard */,
				9997C1861D68FF06002E6217 /* Info.plist */,
			);
			path = "MZay learning 1.0";
			sourceTree = "<group>";
		};
		9997C18E1D68FF06002E6217 /* MZay learning 1.0Tests */ = {
			isa = PBXGroup;
			children = (
				9997C18F1D68FF06002E6217 /* MZay_learning_1_0Tests.swift */,
				9997C1911D68FF06002E6217 /* Info.plist */,
			);
			path = "MZay learning 1.0Tests";
			sourceTree = "<group>";
		};
		9997C1991D68FF06002E6217 /* MZay learning 1.0UITests */ = {
			isa = PBXGroup;
			children = (
				9997C19A1D68FF06002E6217 /* MZay_learning_1_0UITests.swift */,
				9997C19C1D68FF06002E6217 /* Info.plist */,
			);
			path = "MZay learning 1.0UITests";
			sourceTree = "<group>";
		};
/* End PBXGroup section */

/* Begin PBXNativeTarget section */
		9997C1761D68FF06002E6217 /* MZay learning 1.0 */ = {
			isa = PBXNativeTarget;
			buildConfigurationList = 9997C19F1D68FF06002E6217 /* Build configuration list for PBXNativeTarget "MZay learning 1.0" */;
			buildPhases = (
				9997C1731D68FF06002E6217 /* Sources */,
				9997C1741D68FF06002E6217 /* Frameworks */,
				9997C1751D68FF06002E6217 /* Resources */,
			);
			buildRules = (
			);
			dependencies = (
			);
			name = "MZay learning 1.0";
			productName = "MZay learning 1.0";
			productReference = 9997C1771D68FF06002E6217 /* MZay learning 1.0.app */;
			productType = "com.apple.product-type.application";
		};
		9997C18A1D68FF06002E6217 /* MZay learning 1.0Tests */ = {
			isa = PBXNativeTarget;
			buildConfigurationList = 9997C1A21D68FF06002E6217 /* Build configuration list for PBXNativeTarget "MZay learning 1.0Tests" */;
			buildPhases = (
				9997C1871D68FF06002E6217 /* Sources */,
				9997C1881D68FF06002E6217 /* Frameworks */,
				9997C1891D68FF06002E6217 /* Resources */,
			);
			buildRules = (
			);
			dependencies = (
				9997C18D1D68FF06002E6217 /* PBXTargetDependency */,
			);
			name = "MZay learning 1.0Tests";
			productName = "MZay learning 1.0Tests";
			productReference = 9997C18B1D68FF06002E6217 /* MZay learning 1.0Tests.xctest */;
			productType = "com.apple.product-type.bundle.unit-test";
		};
		9997C1951D68FF06002E6217 /* MZay learning 1.0UITests */ = {
			isa = PBXNativeTarget;
			buildConfigurationList = 9997C1A51D68FF06002E6217 /* Build configuration list for PBXNativeTarget "MZay learning 1.0UITests" */;
			buildPhases = (
				9997C1921D68FF06002E6217 /* Sources */,
				9997C1931D68FF06002E6217 /* Frameworks */,
				9997C1941D68FF06002E6217 /* Resources */,
			);
			buildRules = (
			);
			dependencies = (
				9997C1981D68FF06002E6217 /* PBXTargetDependency */,
			);
			name = "MZay learning 1.0UITests";
			productName = "MZay learning 1.0UITests";
			productReference = 9997C1961D68FF06002E6217 /* MZay learning 1.0UITests.xctest */;
			productType = "com.apple.product-type.bundle.ui-testing";
		};
/* End PBXNativeTarget section */

/* Begin PBXProject section */
		9997C16F1D68FF06002E6217 /* Project object */ = {
			isa = PBXProject;
			attributes = {
				LastSwiftUpdateCheck = 0730;
				LastUpgradeCheck = 0730;
				ORGANIZATIONNAME = "Nikita Savchenko";
				TargetAttributes = {
					9997C1761D68FF06002E6217 = {
						CreatedOnToolsVersion = 7.3.1;
					};
					9997C18A1D68FF06002E6217 = {
						CreatedOnToolsVersion = 7.3.1;
						TestTargetID = 9997C1761D68FF06002E6217;
					};
					9997C1951D68FF06002E6217 = {
						CreatedOnToolsVersion = 7.3.1;
						TestTargetID = 9997C1761D68FF06002E6217;
					};
				};
			};
			buildConfigurationList = 9997C1721D68FF06002E6217 /* Build configuration list for PBXProject "MZay learning 1.0" */;
			compatibilityVersion = "Xcode 3.2";
			developmentRegion = English;
			hasScannedForEncodings = 0;
			knownRegions = (
				en,
				Base,
			);
			mainGroup = 9997C16E1D68FF06002E6217;
			productRefGroup = 9997C1781D68FF06002E6217 /* Products */;
			projectDirPath = "";
			projectRoot = "";
			targets = (
				9997C1761D68FF06002E6217 /* MZay learning 1.0 */,
				9997C18A1D68FF06002E6217 /* MZay learning 1.0Tests */,
				9997C1951D68FF06002E6217 /* MZay learning 1.0UITests */,
			);
		};
/* End PBXProject section */

/* Begin PBXResourcesBuildPhase section */
		9997C1751D68FF06002E6217 /* Resources */ = {
			isa = PBXResourcesBuildPhase;
			buildActionMask = 2147483647;
			files = (
				9997C1851D68FF06002E6217 /* LaunchScreen.storyboard in Resources */,
				9997C1821D68FF06002E6217 /* Assets.xcassets in Resources */,
				9997C1801D68FF06002E6217 /* Main.storyboard in Resources */,
			);
			runOnlyForDeploymentPostprocessing = 0;
		};
		9997C1891D68FF06002E6217 /* Resources */ = {
			isa = PBXResourcesBuildPhase;
			buildActionMask = 2147483647;
			files = (
			);
			runOnlyForDeploymentPostprocessing = 0;
		};
		9997C1941D68FF06002E6217 /* Resources */ = {
			isa = PBXResourcesBuildPhase;
			buildActionMask = 2147483647;
			files = (
			);
			runOnlyForDeploymentPostprocessing = 0;
		};
/* End PBXResourcesBuildPhase section */

/* Begin PBXSourcesBuildPhase section */
		9997C1731D68FF06002E6217 /* Sources */ = {
			isa = PBXSourcesBuildPhase;
			buildActionMask = 2147483647;
			files = (
				9997C17D1D68FF06002E6217 /* ViewController.swift in Sources */,
				9997C17B1D68FF06002E6217 /* AppDelegate.swift in Sources */,
			);
			runOnlyForDeploymentPostprocessing = 0;
		};
		9997C1871D68FF06002E6217 /* Sources */ = {
			isa = PBXSourcesBuildPhase;
			buildActionMask = 2147483647;
			files = (
				9997C1901D68FF06002E6217 /* MZay_learning_1_0Tests.swift in Sources */,
			);
			runOnlyForDeploymentPostprocessing = 0;
		};
		9997C1921D68FF06002E6217 /* Sources */ = {
			isa = PBXSourcesBuildPhase;
			buildActionMask = 2147483647;
			files = (
				9997C19B1D68FF06002E6217 /* MZay_learning_1_0UITests.swift in Sources */,
			);
			runOnlyForDeploymentPostprocessing = 0;
		};
/* End PBXSourcesBuildPhase section */

/* Begin PBXTargetDependency section */
		9997C18D1D68FF06002E6217 /* PBXTargetDependency */ = {
			isa = PBXTargetDependency;
			target = 9997C1761D68FF06002E6217 /* MZay learning 1.0 */;
			targetProxy = 9997C18C1D68FF06002E6217 /* PBXContainerItemProxy */;
		};
		9997C1981D68FF06002E6217 /* PBXTargetDependency */ = {
			isa = PBXTargetDependency;
			target = 9997C1761D68FF06002E6217 /* MZay learning 1.0 */;
			targetProxy = 9997C1971D68FF06002E6217 /* PBXContainerItemProxy */;
		};
/* End PBXTargetDependency section */

/* Begin PBXVariantGroup section */
		9997C17E1D68FF06002E6217 /* Main.storyboard */ = {
			isa = PBXVariantGroup;
			children = (
				9997C17F1D68FF06002E6217 /* Base */,
			);
			name = Main.storyboard;
			sourceTree = "<group>";
		};
		9997C1831D68FF06002E6217 /* LaunchScreen.storyboard */ = {
			isa = PBXVariantGroup;
			children = (
				9997C1841D68FF06002E6217 /* Base */,
			);
			name = LaunchScreen.storyboard;
			sourceTree = "<group>";
		};
/* End PBXVariantGroup section */

/* Begin XCBuildConfiguration section */
		9997C19D1D68FF06002E6217 /* Debug */ = {
			isa = XCBuildConfiguration;
			buildSettings = {
				ALWAYS_SEARCH_USER_PATHS = NO;
				CLANG_ANALYZER_NONNULL = YES;
				CLANG_CXX_LANGUAGE_STANDARD = "gnu++0x";
				CLANG_CXX_LIBRARY = "libc++";
				CLANG_ENABLE_MODULES = YES;
				CLANG_ENABLE_OBJC_ARC = YES;
				CLANG_WARN_BOOL_CONVERSION = YES;
				CLANG_WARN_CONSTANT_CONVERSION = YES;
				CLANG_WARN_DIRECT_OBJC_ISA_USAGE = YES_ERROR;
				CLANG_WARN_EMPTY_BODY = YES;
				CLANG_WARN_ENUM_CONVERSION = YES;
				CLANG_WARN_INT_CONVERSION = YES;
				CLANG_WARN_OBJC_ROOT_CLASS = YES_ERROR;
				CLANG_WARN_UNREACHABLE_CODE = YES;
				CLANG_WARN__DUPLICATE_METHOD_MATCH = YES;
				"CODE_SIGN_IDENTITY[sdk=iphoneos*]" = "iPhone Developer";
				COPY_PHASE_STRIP = NO;
				DEBUG_INFORMATION_FORMAT = dwarf;
				ENABLE_STRICT_OBJC_MSGSEND = YES;
				ENABLE_TESTABILITY = YES;
				GCC_C_LANGUAGE_STANDARD = gnu99;
				GCC_DYNAMIC_NO_PIC = NO;
				GCC_NO_COMMON_BLOCKS = YES;
				GCC_OPTIMIZATION_LEVEL = 0;
				GCC_PREPROCESSOR_DEFINITIONS = (
					"DEBUG=1",
					"$(inherited)",
				);
				GCC_WARN_64_TO_32_BIT_CONVERSION = YES;
				GCC_WARN_ABOUT_RETURN_TYPE = YES_ERROR;
				GCC_WARN_UNDECLARED_SELECTOR = YES;
				GCC_WARN_UNINITIALIZED_AUTOS = YES_AGGRESSIVE;
				GCC_WARN_UNUSED_FUNCTION = YES;
				GCC_WARN_UNUSED_VARIABLE = YES;
				IPHONEOS_DEPLOYMENT_TARGET = 9.3;
				MTL_ENABLE_DEBUG_INFO = YES;
				ONLY_ACTIVE_ARCH = YES;
				SDKROOT = iphoneos;
				SWIFT_OPTIMIZATION_LEVEL = "-Onone";
			};
			name = Debug;
		};
		9997C19E1D68FF06002E6217 /* Release */ = {
			isa = XCBuildConfiguration;
			buildSettings = {
				ALWAYS_SEARCH_USER_PATHS = NO;
				CLANG_ANALYZER_NONNULL = YES;
				CLANG_CXX_LANGUAGE_STANDARD = "gnu++0x";
				CLANG_CXX_LIBRARY = "libc++";
				CLANG_ENABLE_MODULES = YES;
				CLANG_ENABLE_OBJC_ARC = YES;
				CLANG_WARN_BOOL_CONVERSION = YES;
				CLANG_WARN_CONSTANT_CONVERSION = YES;
				CLANG_WARN_DIRECT_OBJC_ISA_USAGE = YES_ERROR;
				CLANG_WARN_EMPTY_BODY = YES;
				CLANG_WARN_ENUM_CONVERSION = YES;
				CLANG_WARN_INT_CONVERSION = YES;
				CLANG_WARN_OBJC_ROOT_CLASS = YES_ERROR;
				CLANG_WARN_UNREACHABLE_CODE = YES;
				CLANG_WARN__DUPLICATE_METHOD_MATCH = YES;
				"CODE_SIGN_IDENTITY[sdk=iphoneos*]" = "iPhone Developer";
				COPY_PHASE_STRIP = NO;
				DEBUG_INFORMATION_FORMAT = "dwarf-with-dsym";
				ENABLE_NS_ASSERTIONS = NO;
				ENABLE_STRICT_OBJC_MSGSEND = YES;
				GCC_C_LANGUAGE_STANDARD = gnu99;
				GCC_NO_COMMON_BLOCKS = YES;
				GCC_WARN_64_TO_32_BIT_CONVERSION = YES;
				GCC_WARN_ABOUT_RETURN_TYPE = YES_ERROR;
				GCC_WARN_UNDECLARED_SELECTOR = YES;
				GCC_WARN_UNINITIALIZED_AUTOS = YES_AGGRESSIVE;
				GCC_WARN_UNUSED_FUNCTION = YES;
				GCC_WARN_UNUSED_VARIABLE = YES;
				IPHONEOS_DEPLOYMENT_TARGET = 9.3;
				MTL_ENABLE_DEBUG_INFO = NO;
				SDKROOT = iphoneos;
				VALIDATE_PRODUCT = YES;
			};
			name = Release;
		};
		9997C1A01D68FF06002E6217 /* Debug */ = {
			isa = XCBuildConfiguration;
			buildSettings = {
				ASSETCATALOG_COMPILER_APPICON_NAME = AppIcon;
				INFOPLIST_FILE = "MZay learning 1.0/Info.plist";
				LD_RUNPATH_SEARCH_PATHS = "$(inherited) @executable_path/Frameworks";
				PRODUCT_BUNDLE_IDENTIFIER = "com.MZay-learning-1-0";
				PRODUCT_NAME = "$(TARGET_NAME)";
			};
			name = Debug;
		};
		9997C1A11D68FF06002E6217 /* Release */ = {
			isa = XCBuildConfiguration;
			buildSettings = {
				ASSETCATALOG_COMPILER_APPICON_NAME = AppIcon;
				INFOPLIST_FILE = "MZay learning 1.0/Info.plist";
				LD_RUNPATH_SEARCH_PATHS = "$(inherited) @executable_path/Frameworks";
				PRODUCT_BUNDLE_IDENTIFIER = "com.MZay-learning-1-0";
				PRODUCT_NAME = "$(TARGET_NAME)";
			};
			name = Release;
		};
		9997C1A31D68FF06002E6217 /* Debug */ = {
			isa = XCBuildConfiguration;
			buildSettings = {
				BUNDLE_LOADER = "$(TEST_HOST)";
				INFOPLIST_FILE = "MZay learning 1.0Tests/Info.plist";
				LD_RUNPATH_SEARCH_PATHS = "$(inherited) @executable_path/Frameworks @loader_path/Frameworks";
				PRODUCT_BUNDLE_IDENTIFIER = "com.MZay-learning-1-0Tests";
				PRODUCT_NAME = "$(TARGET_NAME)";
				TEST_HOST = "$(BUILT_PRODUCTS_DIR)/MZay learning 1.0.app/MZay learning 1.0";
			};
			name = Debug;
		};
		9997C1A41D68FF06002E6217 /* Release */ = {
			isa = XCBuildConfiguration;
			buildSettings = {
				BUNDLE_LOADER = "$(TEST_HOST)";
				INFOPLIST_FILE = "MZay learning 1.0Tests/Info.plist";
				LD_RUNPATH_SEARCH_PATHS = "$(inherited) @executable_path/Frameworks @loader_path/Frameworks";
				PRODUCT_BUNDLE_IDENTIFIER = "com.MZay-learning-1-0Tests";
				PRODUCT_NAME = "$(TARGET_NAME)";
				TEST_HOST = "$(BUILT_PRODUCTS_DIR)/MZay learning 1.0.app/MZay learning 1.0";
			};
			name = Release;
		};
		9997C1A61D68FF06002E6217 /* Debug */ = {
			isa = XCBuildConfiguration;
			buildSettings = {
				INFOPLIST_FILE = "MZay learning 1.0UITests/Info.plist";
				LD_RUNPATH_SEARCH_PATHS = "$(inherited) @executable_path/Frameworks @loader_path/Frameworks";
				PRODUCT_BUNDLE_IDENTIFIER = "com.MZay-learning-1-0UITests";
				PRODUCT_NAME = "$(TARGET_NAME)";
				TEST_TARGET_NAME = "MZay learning 1.0";
			};
			name = Debug;
		};
		9997C1A71D68FF06002E6217 /* Release */ = {
			isa = XCBuildConfiguration;
			buildSettings = {
				INFOPLIST_FILE = "MZay learning 1.0UITests/Info.plist";
				LD_RUNPATH_SEARCH_PATHS = "$(inherited) @executable_path/Frameworks @loader_path/Frameworks";
				PRODUCT_BUNDLE_IDENTIFIER = "com.MZay-learning-1-0UITests";
				PRODUCT_NAME = "$(TARGET_NAME)";
				TEST_TARGET_NAME = "MZay learning 1.0";
			};
			name = Release;
		};
/* End XCBuildConfiguration section */

/* Begin XCConfigurationList section */
		9997C1721D68FF06002E6217 /* Build configuration list for PBXProject "MZay learning 1.0" */ = {
			isa = XCConfigurationList;
			buildConfigurations = (
				9997C19D1D68FF06002E6217 /* Debug */,
				9997C19E1D68FF06002E6217 /* Release */,
			);
			defaultConfigurationIsVisible = 0;
			defaultConfigurationName = Release;
		};
		9997C19F1D68FF06002E6217 /* Build configuration list for PBXNativeTarget "MZay learning 1.0" */ = {
			isa = XCConfigurationList;
			buildConfigurations = (
				9997C1A01D68FF06002E6217 /* Debug */,
				9997C1A11D68FF06002E6217 /* Release */,
			);
			defaultConfigurationIsVisible = 0;
		};
		9997C1A21D68FF06002E6217 /* Build configuration list for PBXNativeTarget "MZay learning 1.0Tests" */ = {
			isa = XCConfigurationList;
			buildConfigurations = (
				9997C1A31D68FF06002E6217 /* Debug */,
				9997C1A41D68FF06002E6217 /* Release */,
			);
			defaultConfigurationIsVisible = 0;
		};
		9997C1A51D68FF06002E6217 /* Build configuration list for PBXNativeTarget "MZay learning 1.0UITests" */ = {
			isa = XCConfigurationList;
			buildConfigurations = (
				9997C1A61D68FF06002E6217 /* Debug */,
				9997C1A71D68FF06002E6217 /* Release */,
			);
			defaultConfigurationIsVisible = 0;
		};
/* End XCConfigurationList section */
	};
	rootObject = 9997C16F1D68FF06002E6217 /* Project object */;
}
